
Microsoft Visual Studio Solution File, Format Version 12.00
# Visual Studio Version 17
VisualStudioVersion = 17.0.31912.275
MinimumVisualStudioVersion = 10.0.40219.1
Project("{FAE04EC0-301F-11D3-BF4B-00C04F79EFBC}") = "BookStore.Api", "BookStore.Api\BookStore.Api.csproj", "{F6FCEF54-AE34-4C9E-87AA-6FA6817A9908}"
EndProject
Global
	GlobalSection(SolutionConfigurationPlatforms) = preSolution
		Debug|Any CPU = Debug|Any CPU
		Release|Any CPU = Release|Any CPU
	EndGlobalSection
	GlobalSection(ProjectConfigurationPlatforms) = postSolution
		{F6FCEF54-AE34-4C9E-87AA-6FA6817A9908}.Debug|Any CPU.ActiveCfg = Debug|Any CPU
		{F6FCEF54-AE34-4C9E-87AA-6FA6817A9908}.Debug|Any CPU.Build.0 = Debug|Any CPU
		{F6FCEF54-AE34-4C9E-87AA-6FA6817A9908}.Release|Any CPU.ActiveCfg = Release|Any CPU
		{F6FCEF54-AE34-4C9E-87AA-6FA6817A9908}.Release|Any CPU.Build.0 = Release|Any CPU
	EndGlobalSection
	GlobalSection(SolutionProperties) = preSolution
		HideSolutionNode = FALSE
	EndGlobalSection
	GlobalSection(ExtensibilityGlobals) = postSolution
		SolutionGuid = {89FB3608-C76E-4FD0-BA4D-36345B934225}
	EndGlobalSection
EndGlobal
